
Microsoft Visual Studio Solution File, Format Version 12.00
# Visual Studio 14
VisualStudioVersion = 14.0.25420.1
MinimumVisualStudioVersion = 10.0.40219.1
Project("{FAE04EC0-301F-11D3-BF4B-00C04F79EFBC}") = "DotNet.Utils", "DotNet.Utils\DotNet.Utils.csproj", "{72912CC0-F3C4-4535-A421-F397E908B1A2}"
EndProject
Project("{FAE04EC0-301F-11D3-BF4B-00C04F79EFBC}") = "DotNet.Utils.Models", "DotNet.Utils.Models\DotNet.Utils.Models.csproj", "{E3BB2C97-6EF6-4A10-BABF-55E0A0132090}"
EndProject
Project("{FAE04EC0-301F-11D3-BF4B-00C04F79EFBC}") = "DotNet.Utils.DLL", "DotNet.Utils.DLL\DotNet.Utils.DLL.csproj", "{19D6AB5B-1F00-4BF7-9A72-D4FABE2CAC26}"
EndProject
Project("{FAE04EC0-301F-11D3-BF4B-00C04F79EFBC}") = "DoNet.Utils.DemoWeb", "DoNet.Utils.DemoWeb\DoNet.Utils.DemoWeb.csproj", "{AB4DC0CB-0A20-4E56-B1DA-F34CEB45EE28}"
EndProject
Global
	GlobalSection(SolutionConfigurationPlatforms) = preSolution
		Debug|Any CPU = Debug|Any CPU
		Release|Any CPU = Release|Any CPU
	EndGlobalSection
	GlobalSection(ProjectConfigurationPlatforms) = postSolution
		{72912CC0-F3C4-4535-A421-F397E908B1A2}.Debug|Any CPU.ActiveCfg = Debug|Any CPU
		{72912CC0-F3C4-4535-A421-F397E908B1A2}.Debug|Any CPU.Build.0 = Debug|Any CPU
		{72912CC0-F3C4-4535-A421-F397E908B1A2}.Release|Any CPU.ActiveCfg = Release|Any CPU
		{72912CC0-F3C4-4535-A421-F397E908B1A2}.Release|Any CPU.Build.0 = Release|Any CPU
		{E3BB2C97-6EF6-4A10-BABF-55E0A0132090}.Debug|Any CPU.ActiveCfg = Debug|Any CPU
		{E3BB2C97-6EF6-4A10-BABF-55E0A0132090}.Debug|Any CPU.Build.0 = Debug|Any CPU
		{E3BB2C97-6EF6-4A10-BABF-55E0A0132090}.Release|Any CPU.ActiveCfg = Release|Any CPU
		{E3BB2C97-6EF6-4A10-BABF-55E0A0132090}.Release|Any CPU.Build.0 = Release|Any CPU
		{19D6AB5B-1F00-4BF7-9A72-D4FABE2CAC26}.Debug|Any CPU.ActiveCfg = Debug|Any CPU
		{19D6AB5B-1F00-4BF7-9A72-D4FABE2CAC26}.Debug|Any CPU.Build.0 = Debug|Any CPU
		{19D6AB5B-1F00-4BF7-9A72-D4FABE2CAC26}.Release|Any CPU.ActiveCfg = Release|Any CPU
		{19D6AB5B-1F00-4BF7-9A72-D4FABE2CAC26}.Release|Any CPU.Build.0 = Release|Any CPU
		{AB4DC0CB-0A20-4E56-B1DA-F34CEB45EE28}.Debug|Any CPU.ActiveCfg = Debug|Any CPU
		{AB4DC0CB-0A20-4E56-B1DA-F34CEB45EE28}.Debug|Any CPU.Build.0 = Debug|Any CPU
		{AB4DC0CB-0A20-4E56-B1DA-F34CEB45EE28}.Release|Any CPU.ActiveCfg = Release|Any CPU
		{AB4DC0CB-0A20-4E56-B1DA-F34CEB45EE28}.Release|Any CPU.Build.0 = Release|Any CPU
	EndGlobalSection
	GlobalSection(SolutionProperties) = preSolution
		HideSolutionNode = FALSE
	EndGlobalSection
EndGlobal
